<?xml version="1.0" encoding="utf-8"?>
<Project ToolsVersion="4.0" xmlns="http://schemas.microsoft.com/developer/msbuild/2003">
  <ItemGroup>
    <ClCompile Include="luajit.cpp" />
    <ClCompile Include="lib_aux.c" />
    <ClCompile Include="lib_base.c" />
    <ClCompile Include="lib_bit.c" />
    <ClCompile Include="lib_debug.c" />
    <ClCompile Include="lib_ffi.c" />
    <ClCompile Include="lib_init.c" />
    <ClCompile Include="lib_io.c" />
    <ClCompile Include="lib_jit.c" />
    <ClCompile Include="lib_math.c" />
    <ClCompile Include="lib_os.c" />
    <ClCompile Include="lib_package.c" />
    <ClCompile Include="lib_string.c" />
    <ClCompile Include="lib_table.c" />
    <ClCompile Include="lj_alloc.c" />
    <ClCompile Include="lj_api.c" />
    <ClCompile Include="lj_asm.c" />
    <ClCompile Include="lj_bc.c" />
    <ClCompile Include="lj_bcread.c" />
    <ClCompile Include="lj_bcwrite.c" />
    <ClCompile Include="lj_carith.c" />
    <ClCompile Include="lj_ccall.c" />
    <ClCompile Include="lj_ccallback.c" />
    <ClCompile Include="lj_cconv.c" />
    <ClCompile Include="lj_cdata.c" />
    <ClCompile Include="lj_char.c" />
    <ClCompile Include="lj_clib.c" />
    <ClCompile Include="lj_cparse.c" />
    <ClCompile Include="lj_crecord.c" />
    <ClCompile Include="lj_ctype.c" />
    <ClCompile Include="lj_debug.c" />
    <ClCompile Include="lj_dispatch.c" />
    <ClCompile Include="lj_err.c" />
    <ClCompile Include="lj_ffrecord.c" />
    <ClCompile Include="lj_func.c" />
    <ClCompile Include="lj_gc.c" />
    <ClCompile Include="lj_gdbjit.c" />
    <ClCompile Include="lj_ir.c" />
    <ClCompile Include="lj_lex.c" />
    <ClCompile Include="lj_lib.c" />
    <ClCompile Include="lj_load.c" />
    <ClCompile Include="lj_mcode.c" />
    <ClCompile Include="lj_meta.c" />
    <ClCompile Include="lj_obj.c" />
    <ClCompile Include="lj_opt_dce.c" />
    <ClCompile Include="lj_opt_fold.c" />
    <ClCompile Include="lj_opt_loop.c" />
    <ClCompile Include="lj_opt_mem.c" />
    <ClCompile Include="lj_opt_narrow.c" />
    <ClCompile Include="lj_opt_sink.c" />
    <ClCompile Include="lj_opt_split.c" />
    <ClCompile Include="lj_parse.c" />
    <ClCompile Include="lj_record.c" />
    <ClCompile Include="lj_snap.c" />
    <ClCompile Include="lj_state.c" />
    <ClCompile Include="lj_str.c" />
    <ClCompile Include="lj_strscan.c" />
    <ClCompile Include="lj_tab.c" />
    <ClCompile Include="lj_trace.c" />
    <ClCompile Include="lj_udata.c" />
    <ClCompile Include="lj_vmevent.c" />
    <ClCompile Include="lj_vmmath.c" />
    <ClCompile Include="ljamalg.c" />
    <ClCompile Include="luajit.c" />
    <ClCompile Include="host\buildvm.c">
      <Filter>host</Filter>
    </ClCompile>
    <ClCompile Include="host\buildvm_asm.c">
      <Filter>host</Filter>
    </ClCompile>
    <ClCompile Include="host\buildvm_fold.c">
      <Filter>host</Filter>
    </ClCompile>
    <ClCompile Include="host\buildvm_lib.c">
      <Filter>host</Filter>
    </ClCompile>
    <ClCompile Include="host\buildvm_peobj.c">
      <Filter>host</Filter>
    </ClCompile>
    <ClCompile Include="host\minilua.c">
      <Filter>host</Filter>
    </ClCompile>
  </ItemGroup>
  <ItemGroup>
    <ClInclude Include="luajit.h" />
    <ClInclude Include="lauxlib.h" />
    <ClInclude Include="lj_alloc.h" />
    <ClInclude Include="lj_arch.h" />
    <ClInclude Include="lj_asm.h" />
    <ClInclude Include="lj_asm_arm.h" />
    <ClInclude Include="lj_asm_mips.h" />
    <ClInclude Include="lj_asm_ppc.h" />
    <ClInclude Include="lj_asm_x86.h" />
    <ClInclude Include="lj_bc.h" />
    <ClInclude Include="lj_bcdump.h" />
    <ClInclude Include="lj_carith.h" />
    <ClInclude Include="lj_ccall.h" />
    <ClInclude Include="lj_ccallback.h" />
    <ClInclude Include="lj_cconv.h" />
    <ClInclude Include="lj_cdata.h" />
    <ClInclude Include="lj_char.h" />
    <ClInclude Include="lj_clib.h" />
    <ClInclude Include="lj_cparse.h" />
    <ClInclude Include="lj_crecord.h" />
    <ClInclude Include="lj_ctype.h" />
    <ClInclude Include="lj_debug.h" />
    <ClInclude Include="lj_def.h" />
    <ClInclude Include="lj_dispatch.h" />
    <ClInclude Include="lj_emit_arm.h" />
    <ClInclude Include="lj_emit_mips.h" />
    <ClInclude Include="lj_emit_ppc.h" />
    <ClInclude Include="lj_emit_x86.h" />
    <ClInclude Include="lj_err.h" />
    <ClInclude Include="lj_errmsg.h" />
    <ClInclude Include="lj_ff.h" />
    <ClInclude Include="lj_ffrecord.h" />
    <ClInclude Include="lj_frame.h" />
    <ClInclude Include="lj_func.h" />
    <ClInclude Include="lj_gc.h" />
    <ClInclude Include="lj_gdbjit.h" />
    <ClInclude Include="lj_ir.h" />
    <ClInclude Include="lj_ircall.h" />
    <ClInclude Include="lj_iropt.h" />
    <ClInclude Include="lj_jit.h" />
    <ClInclude Include="lj_lex.h" />
    <ClInclude Include="lj_lib.h" />
    <ClInclude Include="lj_mcode.h" />
    <ClInclude Include="lj_meta.h" />
    <ClInclude Include="lj_obj.h" />
    <ClInclude Include="lj_parse.h" />
    <ClInclude Include="lj_record.h" />
    <ClInclude Include="lj_snap.h" />
    <ClInclude Include="lj_state.h" />
    <ClInclude Include="lj_str.h" />
    <ClInclude Include="lj_strscan.h" />
    <ClInclude Include="lj_tab.h" />
    <ClInclude Include="lj_target.h" />
    <ClInclude Include="lj_target_arm.h" />
    <ClInclude Include="lj_target_mips.h" />
    <ClInclude Include="lj_target_ppc.h" />
    <ClInclude Include="lj_target_x86.h" />
    <ClInclude Include="lj_trace.h" />
    <ClInclude Include="lj_traceerr.h" />
    <ClInclude Include="lj_udata.h" />
    <ClInclude Include="lj_vm.h" />
    <ClInclude Include="lj_vmevent.h" />
    <ClInclude Include="lua.h" />
    <ClInclude Include="lua.hpp" />
    <ClInclude Include="luaconf.h" />
    <ClInclude Include="lualib.h" />
    <ClInclude Include="host\buildvm.h">
      <Filter>host</Filter>
    </ClInclude>
    <ClInclude Include="dynasm\dasm_arm.h">
      <Filter>dynasm</Filter>
    </ClInclude>
    <ClInclude Include="dynasm\dasm_mips.h">
      <Filter>dynasm</Filter>
    </ClInclude>
    <ClInclude Include="dynasm\dasm_ppc.h">
      <Filter>dynasm</Filter>
    </ClInclude>
    <ClInclude Include="dynasm\dasm_proto.h">
      <Filter>dynasm</Filter>
    </ClInclude>
    <ClInclude Include="dynasm\dasm_x86.h">
      <Filter>dynasm</Filter>
    </ClInclude>
  </ItemGroup>
  <ItemGroup>
    <Filter Include="jit">
      <UniqueIdentifier>{263666bc-b818-42d0-86d4-c439438a8800}</UniqueIdentifier>
    </Filter>
    <Filter Include="host">
      <UniqueIdentifier>{aa86b543-91db-4d82-9b3b-ac5016c3ca6b}</UniqueIdentifier>
    </Filter>
    <Filter Include="dynasm">
      <UniqueIdentifier>{5079fae4-a78e-4cea-b572-ab8dcdea5e84}</UniqueIdentifier>
    </Filter>
  </ItemGroup>
  <ItemGroup>
    <None Include="jit\bc.lua">
      <Filter>jit</Filter>
    </None>
    <None Include="jit\bcsave.lua">
      <Filter>jit</Filter>
    </None>
    <None Include="jit\dis_arm.lua">
      <Filter>jit</Filter>
    </None>
    <None Include="jit\dis_mips.lua">
      <Filter>jit</Filter>
    </None>
    <None Include="jit\dis_mipsel.lua">
      <Filter>jit</Filter>
    </None>
    <None Include="jit\dis_ppc.lua">
      <Filter>jit</Filter>
    </None>
    <None Include="jit\dis_x64.lua">
      <Filter>jit</Filter>
    </None>
    <None Include="jit\dis_x86.lua">
      <Filter>jit</Filter>
    </None>
    <None Include="jit\dump.lua">
      <Filter>jit</Filter>
    </None>
    <None Include="jit\v.lua">
      <Filter>jit</Filter>
    </None>
    <None Include="host\genminilua.lua">
      <Filter>host</Filter>
    </None>
    <None Include="host\README">
      <Filter>host</Filter>
    </None>
    <None Include="dynasm\dasm_arm.lua">
      <Filter>dynasm</Filter>
    </None>
    <None Include="dynasm\dasm_mips.lua">
      <Filter>dynasm</Filter>
    </None>
    <None Include="dynasm\dasm_ppc.lua">
      <Filter>dynasm</Filter>
    </None>
    <None Include="dynasm\dasm_x64.lua">
      <Filter>dynasm</Filter>
    </None>
    <None Include="dynasm\dasm_x86.lua">
      <Filter>dynasm</Filter>
    </None>
    <None Include="dynasm\dynasm.lua">
      <Filter>dynasm</Filter>
    </None>
  </ItemGroup>
</Project>